
Microsoft Visual Studio Solution File, Format Version 12.00
# Visual Studio Version 17
VisualStudioVersion = 17.14.37531.7 d17.14
MinimumVisualStudioVersion = 10.0.40219.1
Project("{2150E333-8FDC-42A3-9474-1A3956D46DE8}") = "src", "src", "{02EA681E-C7D8-13C7-8484-4AC65E1B71E8}"
EndProject
Project("{2150E333-8FDC-42A3-9474-1A3956D46DE8}") = "tests", "tests", "{061AADA1-08B4-453E-AC59-421222655695}"
EndProject
Project("{2150E333-8FDC-42A3-9474-1A3956D46DE8}") = "Backend", "Backend", "{98711376-D727-4302-9CA7-835E0F93405F}"
EndProject
Project("{2150E333-8FDC-42A3-9474-1A3956D46DE8}") = "Shared", "Shared", "{D8399F5E-33DC-4C8C-B23B-DC2EBCE30AEB}"
EndProject
Project("{FAE04EC0-301F-11D3-BF4B-00C04F79EFBC}") = "GFBA.Api", "src\Backend\GFBA.Api\GFBA.Api.csproj", "{7728A385-FC01-4A2B-8E64-0795A65195B2}"
EndProject
Project("{FAE04EC0-301F-11D3-BF4B-00C04F79EFBC}") = "GFBA.Application", "src\Backend\GFBA.Application\GFBA.Application.csproj", "{DA1B29C1-BB20-4EBD-833D-EA0D10F3AEB6}"
EndProject
Project("{FAE04EC0-301F-11D3-BF4B-00C04F79EFBC}") = "GFBA.Domain", "src\Backend\GFBA.Domain\GFBA.Domain.csproj", "{A8008231-11DF-4232-9DAE-8F2F6FFE9948}"
EndProject
Project("{FAE04EC0-301F-11D3-BF4B-00C04F79EFBC}") = "GFBA.Infrastructure", "src\Backend\GFBA.Infrastructure\GFBA.Infrastructure.csproj", "{A658F2E6-2066-491D-A2BC-E6B55DC80CAE}"
EndProject
Project("{FAE04EC0-301F-11D3-BF4B-00C04F79EFBC}") = "GFBA.Communication", "src\Shared\GFBA.Communication\GFBA.Communication.csproj", "{570DA39B-0EDE-4ABA-8AD7-CDDA62F736D0}"
EndProject
Project("{FAE04EC0-301F-11D3-BF4B-00C04F79EFBC}") = "GFBA.Exception", "src\Shared\GFBA.Exception\GFBA.Exception.csproj", "{4B092918-80CB-4BED-8113-F019E0EAEDC6}"
EndProject
Global
	GlobalSection(SolutionConfigurationPlatforms) = preSolution
		Debug|Any CPU = Debug|Any CPU
		Release|Any CPU = Release|Any CPU
	EndGlobalSection
	GlobalSection(ProjectConfigurationPlatforms) = postSolution
		{7728A385-FC01-4A2B-8E64-0795A65195B2}.Debug|Any CPU.ActiveCfg = Debug|Any CPU
		{7728A385-FC01-4A2B-8E64-0795A65195B2}.Debug|Any CPU.Build.0 = Debug|Any CPU
		{7728A385-FC01-4A2B-8E64-0795A65195B2}.Release|Any CPU.ActiveCfg = Release|Any CPU
		{7728A385-FC01-4A2B-8E64-0795A65195B2}.Release|Any CPU.Build.0 = Release|Any CPU
		{DA1B29C1-BB20-4EBD-833D-EA0D10F3AEB6}.Debug|Any CPU.ActiveCfg = Debug|Any CPU
		{DA1B29C1-BB20-4EBD-833D-EA0D10F3AEB6}.Debug|Any CPU.Build.0 = Debug|Any CPU
		{DA1B29C1-BB20-4EBD-833D-EA0D10F3AEB6}.Release|Any CPU.ActiveCfg = Release|Any CPU
		{DA1B29C1-BB20-4EBD-833D-EA0D10F3AEB6}.Release|Any CPU.Build.0 = Release|Any CPU
		{A8008231-11DF-4232-9DAE-8F2F6FFE9948}.Debug|Any CPU.ActiveCfg = Debug|Any CPU
		{A8008231-11DF-4232-9DAE-8F2F6FFE9948}.Debug|Any CPU.Build.0 = Debug|Any CPU
		{A8008231-11DF-4232-9DAE-8F2F6FFE9948}.Release|Any CPU.ActiveCfg = Release|Any CPU
		{A8008231-11DF-4232-9DAE-8F2F6FFE9948}.Release|Any CPU.Build.0 = Release|Any CPU
		{A658F2E6-2066-491D-A2BC-E6B55DC80CAE}.Debug|Any CPU.ActiveCfg = Debug|Any CPU
		{A658F2E6-2066-491D-A2BC-E6B55DC80CAE}.Debug|Any CPU.Build.0 = Debug|Any CPU
		{A658F2E6-2066-491D-A2BC-E6B55DC80CAE}.Release|Any CPU.ActiveCfg = Release|Any CPU
		{A658F2E6-2066-491D-A2BC-E6B55DC80CAE}.Release|Any CPU.Build.0 = Release|Any CPU
		{570DA39B-0EDE-4ABA-8AD7-CDDA62F736D0}.Debug|Any CPU.ActiveCfg = Debug|Any CPU
		{570DA39B-0EDE-4ABA-8AD7-CDDA62F736D0}.Debug|Any CPU.Build.0 = Debug|Any CPU
		{570DA39B-0EDE-4ABA-8AD7-CDDA62F736D0}.Release|Any CPU.ActiveCfg = Release|Any CPU
		{570DA39B-0EDE-4ABA-8AD7-CDDA62F736D0}.Release|Any CPU.Build.0 = Release|Any CPU
		{4B092918-80CB-4BED-8113-F019E0EAEDC6}.Debug|Any CPU.ActiveCfg = Debug|Any CPU
		{4B092918-80CB-4BED-8113-F019E0EAEDC6}.Debug|Any CPU.Build.0 = Debug|Any CPU
		{4B092918-80CB-4BED-8113-F019E0EAEDC6}.Release|Any CPU.ActiveCfg = Release|Any CPU
		{4B092918-80CB-4BED-8113-F019E0EAEDC6}.Release|Any CPU.Build.0 = Release|Any CPU
	EndGlobalSection
	GlobalSection(SolutionProperties) = preSolution
		HideSolutionNode = FALSE
	EndGlobalSection
	GlobalSection(NestedProjects) = preSolution
		{98711376-D727-4302-9CA7-835E0F93405F} = {02EA681E-C7D8-13C7-8484-4AC65E1B71E8}
		{D8399F5E-33DC-4C8C-B23B-DC2EBCE30AEB} = {02EA681E-C7D8-13C7-8484-4AC65E1B71E8}
		{7728A385-FC01-4A2B-8E64-0795A65195B2} = {98711376-D727-4302-9CA7-835E0F93405F}
		{DA1B29C1-BB20-4EBD-833D-EA0D10F3AEB6} = {98711376-D727-4302-9CA7-835E0F93405F}
		{A8008231-11DF-4232-9DAE-8F2F6FFE9948} = {98711376-D727-4302-9CA7-835E0F93405F}
		{A658F2E6-2066-491D-A2BC-E6B55DC80CAE} = {98711376-D727-4302-9CA7-835E0F93405F}
		{570DA39B-0EDE-4ABA-8AD7-CDDA62F736D0} = {D8399F5E-33DC-4C8C-B23B-DC2EBCE30AEB}
		{4B092918-80CB-4BED-8113-F019E0EAEDC6} = {D8399F5E-33DC-4C8C-B23B-DC2EBCE30AEB}
	EndGlobalSection
	GlobalSection(ExtensibilityGlobals) = postSolution
		SolutionGuid = {0A40134C-8BD6-4F04-B2A9-5749B10CA316}
	EndGlobalSection
EndGlobal
